
Microsoft Visual Studio Solution File, Format Version 12.00
# Visual Studio Version 17
VisualStudioVersion = 17.1.32328.378
MinimumVisualStudioVersion = 10.0.40219.1
Project("{FAE04EC0-301F-11D3-BF4B-00C04F79EFBC}") = "WeatherApi", "WeatherApi.csproj", "{94E97A40-8FA4-4922-9A11-A9F6C35AEFE1}"
EndProject
Global
	GlobalSection(SolutionConfigurationPlatforms) = preSolution
		Debug|Any CPU = Debug|Any CPU
		Release|Any CPU = Release|Any CPU
	EndGlobalSection
	GlobalSection(ProjectConfigurationPlatforms) = postSolution
		{94E97A40-8FA4-4922-9A11-A9F6C35AEFE1}.Debug|Any CPU.ActiveCfg = Debug|Any CPU
		{94E97A40-8FA4-4922-9A11-A9F6C35AEFE1}.Debug|Any CPU.Build.0 = Debug|Any CPU
		{94E97A40-8FA4-4922-9A11-A9F6C35AEFE1}.Release|Any CPU.ActiveCfg = Release|Any CPU
		{94E97A40-8FA4-4922-9A11-A9F6C35AEFE1}.Release|Any CPU.Build.0 = Release|Any CPU
	EndGlobalSection
	GlobalSection(SolutionProperties) = preSolution
		HideSolutionNode = FALSE
	EndGlobalSection
	GlobalSection(ExtensibilityGlobals) = postSolution
		SolutionGuid = {61F20EC8-85F9-4725-842C-7DF481763240}
	EndGlobalSection
EndGlobal
